// !$*UTF8*$!
{
	archiveVersion = 1;
	classes = {
	};
	objectVersion = 50;
	objects = {

/* Begin PBXAggregateTarget section */
		0AFAA1B223CC3D86001E1526 /* PodLibAgg */ = {
			isa = PBXAggregateTarget;
			buildConfigurationList = 0AFAA1B323CC3D86001E1526 /* Build configuration list for PBXAggregateTarget "PodLibAgg" */;
			buildPhases = (
				0AFAA1B623CC3E5C001E1526 /* ShellScript */,
			);
			dependencies = (
			);
			name = PodLibAgg;
			productName = PodLibAgg;
		};
/* End PBXAggregateTarget section */

/* Begin PBXBuildFile section */
		0A0655C023B47F6000686B12 /* PodLib.framework in Frameworks */ = {isa = PBXBuildFile; fileRef = 0A0655B623B47F6000686B12 /* PodLib.framework */; };
		0A0655C523B47F6000686B12 /* PodLibTests.m in Sources */ = {isa = PBXBuildFile; fileRef = 0A0655C423B47F6000686B12 /* PodLibTests.m */; };
		0A0655C723B47F6000686B12 /* PodLib.h in Headers */ = {isa = PBXBuildFile; fileRef = 0A0655B923B47F6000686B12 /* PodLib.h */; settings = {ATTRIBUTES = (Public, ); }; };
		0A0655D123B47FA700686B12 /* PodLib.m in Sources */ = {isa = PBXBuildFile; fileRef = 0A0655D023B47FA700686B12 /* PodLib.m */; };
		0AC1721823B4A4A600B6D3CE /* Reachability.h in Headers */ = {isa = PBXBuildFile; fileRef = 0AC1721623B4A4A600B6D3CE /* Reachability.h */; };
		0AC1721923B4A4A600B6D3CE /* Reachability.m in Sources */ = {isa = PBXBuildFile; fileRef = 0AC1721723B4A4A600B6D3CE /* Reachability.m */; };
		AABD14A09A00A98890C7D4C5 /* libPods-PodLib.a in Frameworks */ = {isa = PBXBuildFile; fileRef = E3B388EA194D984097B93F28 /* libPods-PodLib.a */; };
/* End PBXBuildFile section */

/* Begin PBXContainerItemProxy section */
		0A0655C123B47F6000686B12 /* PBXContainerItemProxy */ = {
			isa = PBXContainerItemProxy;
			containerPortal = 0A0655AD23B47F6000686B12 /* Project object */;
			proxyType = 1;
			remoteGlobalIDString = 0A0655B523B47F6000686B12;
			remoteInfo = PodLib;
		};
/* End PBXContainerItemProxy section */

/* Begin PBXFileReference section */
		0A0655B623B47F6000686B12 /* PodLib.framework */ = {isa = PBXFileReference; explicitFileType = wrapper.framework; includeInIndex = 0; path = PodLib.framework; sourceTree = BUILT_PRODUCTS_DIR; };
		0A0655B923B47F6000686B12 /* PodLib.h */ = {isa = PBXFileReference; lastKnownFileType = sourcecode.c.h; path = PodLib.h; sourceTree = "<group>"; };
		0A0655BA23B47F6000686B12 /* Info.plist */ = {isa = PBXFileReference; lastKnownFileType = text.plist.xml; path = Info.plist; sourceTree = "<group>"; };
		0A0655BF23B47F6000686B12 /* PodLibTests.xctest */ = {isa = PBXFileReference; explicitFileType = wrapper.cfbundle; includeInIndex = 0; path = PodLibTests.xctest; sourceTree = BUILT_PRODUCTS_DIR; };
		0A0655C423B47F6000686B12 /* PodLibTests.m */ = {isa = PBXFileReference; lastKnownFileType = sourcecode.c.objc; path = PodLibTests.m; sourceTree = "<group>"; };
		0A0655C623B47F6000686B12 /* Info.plist */ = {isa = PBXFileReference; lastKnownFileType = text.plist.xml; path = Info.plist; sourceTree = "<group>"; };
		0A0655D023B47FA700686B12 /* PodLib.m */ = {isa = PBXFileReference; lastKnownFileType = sourcecode.c.objc; path = PodLib.m; sourceTree = "<group>"; };
		0AC1721623B4A4A600B6D3CE /* Reachability.h */ = {isa = PBXFileReference; fileEncoding = 4; lastKnownFileType = sourcecode.c.h; path = Reachability.h; sourceTree = "<group>"; };
		0AC1721723B4A4A600B6D3CE /* Reachability.m */ = {isa = PBXFileReference; fileEncoding = 4; lastKnownFileType = sourcecode.c.objc; path = Reachability.m; sourceTree = "<group>"; };
		0AFAA1A623CC3D35001E1526 /* Media.xcassets */ = {isa = PBXFileReference; lastKnownFileType = folder.assetcatalog; path = Media.xcassets; sourceTree = "<group>"; };
		0AFAA1A823CC3D35001E1526 /* ActionViewController.h */ = {isa = PBXFileReference; lastKnownFileType = sourcecode.c.h; path = ActionViewController.h; sourceTree = "<group>"; };
		0AFAA1A923CC3D35001E1526 /* ActionViewController.m */ = {isa = PBXFileReference; lastKnownFileType = sourcecode.c.objc; path = ActionViewController.m; sourceTree = "<group>"; };
		0AFAA1AC23CC3D35001E1526 /* Base */ = {isa = PBXFileReference; lastKnownFileType = file.storyboard; name = Base; path = Base.lproj/MainInterface.storyboard; sourceTree = "<group>"; };
		0AFAA1AE23CC3D35001E1526 /* Info.plist */ = {isa = PBXFileReference; lastKnownFileType = text.plist.xml; path = Info.plist; sourceTree = "<group>"; };
		71394F5FFF710EFF6F8D2A3A /* Pods-PodLib.debug.xcconfig */ = {isa = PBXFileReference; includeInIndex = 1; lastKnownFileType = text.xcconfig; name = "Pods-PodLib.debug.xcconfig"; path = "Target Support Files/Pods-PodLib/Pods-PodLib.debug.xcconfig"; sourceTree = "<group>"; };
		80ACFD29E80B473EC2C6CB5C /* Pods-PodLib.release.xcconfig */ = {isa = PBXFileReference; includeInIndex = 1; lastKnownFileType = text.xcconfig; name = "Pods-PodLib.release.xcconfig"; path = "Target Support Files/Pods-PodLib/Pods-PodLib.release.xcconfig"; sourceTree = "<group>"; };
		E3B388EA194D984097B93F28 /* libPods-PodLib.a */ = {isa = PBXFileReference; explicitFileType = archive.ar; includeInIndex = 0; path = "libPods-PodLib.a"; sourceTree = BUILT_PRODUCTS_DIR; };
/* End PBXFileReference section */

/* Begin PBXFrameworksBuildPhase section */
		0A0655B323B47F6000686B12 /* Frameworks */ = {
			isa = PBXFrameworksBuildPhase;
			buildActionMask = 2147483647;
			files = (
				AABD14A09A00A98890C7D4C5 /* libPods-PodLib.a in Frameworks */,
			);
			runOnlyForDeploymentPostprocessing = 0;
		};
		0A0655BC23B47F6000686B12 /* Frameworks */ = {
			isa = PBXFrameworksBuildPhase;
			buildActionMask = 2147483647;
			files = (
				0A0655C023B47F6000686B12 /* PodLib.framework in Frameworks */,
			);
			runOnlyForDeploymentPostprocessing = 0;
		};
/* End PBXFrameworksBuildPhase section */

/* Begin PBXGroup section */
		0A0655AC23B47F6000686B12 = {
			isa = PBXGroup;
			children = (
				0A0655B823B47F6000686B12 /* PodLib */,
				0A0655C323B47F6000686B12 /* PodLibTests */,
				0AFAA1A523CC3D35001E1526 /* PodLibAgg */,
				0A0655B723B47F6000686B12 /* Products */,
				B23B37DFC223EA3A2D88DD6D /* Pods */,
				2F35123D628DA67F65D20934 /* Frameworks */,
			);
			sourceTree = "<group>";
		};
		0A0655B723B47F6000686B12 /* Products */ = {
			isa = PBXGroup;
			children = (
				0A0655B623B47F6000686B12 /* PodLib.framework */,
				0A0655BF23B47F6000686B12 /* PodLibTests.xctest */,
			);
			name = Products;
			sourceTree = "<group>";
		};
		0A0655B823B47F6000686B12 /* PodLib */ = {
			isa = PBXGroup;
			children = (
				0AC1721623B4A4A600B6D3CE /* Reachability.h */,
				0AC1721723B4A4A600B6D3CE /* Reachability.m */,
				0A0655B923B47F6000686B12 /* PodLib.h */,
				0A0655D023B47FA700686B12 /* PodLib.m */,
				0A0655BA23B47F6000686B12 /* Info.plist */,
			);
			path = PodLib;
			sourceTree = "<group>";
		};
		0A0655C323B47F6000686B12 /* PodLibTests */ = {
			isa = PBXGroup;
			children = (
				0A0655C423B47F6000686B12 /* PodLibTests.m */,
				0A0655C623B47F6000686B12 /* Info.plist */,
			);
			path = PodLibTests;
			sourceTree = "<group>";
		};
		0AFAA1A523CC3D35001E1526 /* PodLibAgg */ = {
			isa = PBXGroup;
			children = (
				0AFAA1A623CC3D35001E1526 /* Media.xcassets */,
				0AFAA1A823CC3D35001E1526 /* ActionViewController.h */,
				0AFAA1A923CC3D35001E1526 /* ActionViewController.m */,
				0AFAA1AB23CC3D35001E1526 /* MainInterface.storyboard */,
				0AFAA1AE23CC3D35001E1526 /* Info.plist */,
			);
			path = PodLibAgg;
			sourceTree = "<group>";
		};
		2F35123D628DA67F65D20934 /* Frameworks */ = {
			isa = PBXGroup;
			children = (
				E3B388EA194D984097B93F28 /* libPods-PodLib.a */,
			);
			name = Frameworks;
			sourceTree = "<group>";
		};
		B23B37DFC223EA3A2D88DD6D /* Pods */ = {
			isa = PBXGroup;
			children = (
				71394F5FFF710EFF6F8D2A3A /* Pods-PodLib.debug.xcconfig */,
				80ACFD29E80B473EC2C6CB5C /* Pods-PodLib.release.xcconfig */,
			);
			path = Pods;
			sourceTree = "<group>";
		};
/* End PBXGroup section */

/* Begin PBXHeadersBuildPhase section */
		0A0655B123B47F6000686B12 /* Headers */ = {
			isa = PBXHeadersBuildPhase;
			buildActionMask = 2147483647;
			files = (
				0A0655C723B47F6000686B12 /* PodLib.h in Headers */,
				0AC1721823B4A4A600B6D3CE /* Reachability.h in Headers */,
			);
			runOnlyForDeploymentPostprocessing = 0;
		};
/* End PBXHeadersBuildPhase section */

/* Begin PBXNativeTarget section */
		0A0655B523B47F6000686B12 /* PodLib */ = {
			isa = PBXNativeTarget;
			buildConfigurationList = 0A0655CA23B47F6000686B12 /* Build configuration list for PBXNativeTarget "PodLib" */;
			buildPhases = (
				D796C315A2831E4AD5C0D98D /* [CP] Check Pods Manifest.lock */,
				0A0655B123B47F6000686B12 /* Headers */,
				0A0655B223B47F6000686B12 /* Sources */,
				0A0655B323B47F6000686B12 /* Frameworks */,
				0A0655B423B47F6000686B12 /* Resources */,
			);
			buildRules = (
			);
			dependencies = (
			);
			name = PodLib;
			productName = PodLib;
			productReference = 0A0655B623B47F6000686B12 /* PodLib.framework */;
			productType = "com.apple.product-type.framework";
		};
		0A0655BE23B47F6000686B12 /* PodLibTests */ = {
			isa = PBXNativeTarget;
			buildConfigurationList = 0A0655CD23B47F6000686B12 /* Build configuration list for PBXNativeTarget "PodLibTests" */;
			buildPhases = (
				0A0655BB23B47F6000686B12 /* Sources */,
				0A0655BC23B47F6000686B12 /* Frameworks */,
				0A0655BD23B47F6000686B12 /* Resources */,
			);
			buildRules = (
			);
			dependencies = (
				0A0655C223B47F6000686B12 /* PBXTargetDependency */,
			);
			name = PodLibTests;
			productName = PodLibTests;
			productReference = 0A0655BF23B47F6000686B12 /* PodLibTests.xctest */;
			productType = "com.apple.product-type.bundle.unit-test";
		};
/* End PBXNativeTarget section */

/* Begin PBXProject section */
		0A0655AD23B47F6000686B12 /* Project object */ = {
			isa = PBXProject;
			attributes = {
				LastUpgradeCheck = 1130;
				ORGANIZATIONNAME = "Creative Knowledge Ltd";
				TargetAttributes = {
					0A0655B523B47F6000686B12 = {
						CreatedOnToolsVersion = 11.3;
					};
					0A0655BE23B47F6000686B12 = {
						CreatedOnToolsVersion = 11.3;
					};
					0AFAA1B223CC3D86001E1526 = {
						CreatedOnToolsVersion = 11.3;
					};
				};
			};
			buildConfigurationList = 0A0655B023B47F6000686B12 /* Build configuration list for PBXProject "PodLib" */;
			compatibilityVersion = "Xcode 9.3";
			developmentRegion = en;
			hasScannedForEncodings = 0;
			knownRegions = (
				en,
				Base,
			);
			mainGroup = 0A0655AC23B47F6000686B12;
			productRefGroup = 0A0655B723B47F6000686B12 /* Products */;
			projectDirPath = "";
			projectRoot = "";
			targets = (
				0A0655B523B47F6000686B12 /* PodLib */,
				0AFAA1B223CC3D86001E1526 /* PodLibAgg */,
				0A0655BE23B47F6000686B12 /* PodLibTests */,
			);
		};
/* End PBXProject section */

/* Begin PBXResourcesBuildPhase section */
		0A0655B423B47F6000686B12 /* Resources */ = {
			isa = PBXResourcesBuildPhase;
			buildActionMask = 2147483647;
			files = (
			);
			runOnlyForDeploymentPostprocessing = 0;
		};
		0A0655BD23B47F6000686B12 /* Resources */ = {
			isa = PBXResourcesBuildPhase;
			buildActionMask = 2147483647;
			files = (
			);
			runOnlyForDeploymentPostprocessing = 0;
		};
/* End PBXResourcesBuildPhase section */

/* Begin PBXShellScriptBuildPhase section */
		0AFAA1B623CC3E5C001E1526 /* ShellScript */ = {
			isa = PBXShellScriptBuildPhase;
			buildActionMask = 2147483647;
			files = (
			);
			inputFileListPaths = (
			);
			inputPaths = (
			);
			outputFileListPaths = (
			);
			outputPaths = (
			);
			runOnlyForDeploymentPostprocessing = 0;
			shellPath = /bin/sh;
			shellScript = "# Sets the target folders and the final framework product.\n# 如果工程名称和Framework的Target名称不一样的话，要自定义FMKNAME\n# 例如: FMK_NAME = \"MyFramework\"\nFMK_NAME=${PROJECT_NAME}\necho FMK_NAME\n\n# Install dir will be the final output to the framework.\n# The following line create it in the root folder of the current project.\nINSTALL_DIR=${SRCROOT}/Products/${FMK_NAME}.framework\nPRODUCTS_DIR=${SRCROOT}/Products\n\nFRAMEWORKS_DIR=${SRCROOT}/${FMK_NAME}/Frameworks\nLIBRARIES_DIR=${SRCROOT}/${FMK_NAME}/Library\nRESOURCES_DIR=${SRCROOT}/${FMK_NAME}/Resources\n\n# Working dir will be deleted after the framework creation.\nWRK_DIR=${BUILD_ROOT}\necho WRK_DIR\nDEVICE_DIR=${WRK_DIR}/Release-iphoneos/${FMK_NAME}.framework\nSIMULATOR_DIR=${WRK_DIR}/Release-iphonesimulator/${FMK_NAME}.framework\n\n# -configuration ${CONFIGURATION}\n# Clean and Building both architectures.\necho 'start iphonesimulator'\nxcodebuild -configuration \"Release\" -workspace \"${FMK_NAME}\".xcworkspace -scheme \"${FMK_NAME}\" -sdk iphonesimulator OBJROOT=\"${OBJROOT}/DependantBuilds\"  clean build >/dev/null 2>&1\necho 'start iphoneos'\nxcodebuild -configuration \"Release\" -workspace \"${FMK_NAME}\".xcworkspace -scheme \"${FMK_NAME}\" -sdk iphoneos OBJROOT=\"${OBJROOT}/DependantBuilds\"\n\n# Cleaning the oldest.\nif [ -d \"${INSTALL_DIR}\" ]\nthen\nrm -rf \"${INSTALL_DIR}\"\nfi\n\nmkdir -p \"${INSTALL_DIR}\"\n\n# 拷贝合并后的framework的二进制文件\ncp -R \"${DEVICE_DIR}/\" \"${INSTALL_DIR}/\"\n# 拷贝依赖的动态库\ncp -R \"${FRAMEWORKS_DIR}/\" \"${PRODUCTS_DIR}/\"\n# 拷贝依赖的静态库\ncp -R \"${LIBRARIES_DIR}/\" \"${PRODUCTS_DIR}/\"\n\n# Uses the Lipo Tool to merge both binary files (i386 + armv6/armv7) into one Universal final product.\necho \"${DEVICE_DIR}/${FMK_NAME}\"\nlipo -create \"${DEVICE_DIR}/${FMK_NAME}\" \"${SIMULATOR_DIR}/${FMK_NAME}\" -output \"${INSTALL_DIR}/${FMK_NAME}\"\n\nrm -r \"${WRK_DIR}\"\n\nopen \"${SRCROOT}/Products/\"\n";
		};
		D796C315A2831E4AD5C0D98D /* [CP] Check Pods Manifest.lock */ = {
			isa = PBXShellScriptBuildPhase;
			buildActionMask = 2147483647;
			files = (
			);
			inputFileListPaths = (
			);
			inputPaths = (
				"${PODS_PODFILE_DIR_PATH}/Podfile.lock",
				"${PODS_ROOT}/Manifest.lock",
			);
			name = "[CP] Check Pods Manifest.lock";
			outputFileListPaths = (
			);
			outputPaths = (
				"$(DERIVED_FILE_DIR)/Pods-PodLib-checkManifestLockResult.txt",
			);
			runOnlyForDeploymentPostprocessing = 0;
			shellPath = /bin/sh;
			shellScript = "diff \"${PODS_PODFILE_DIR_PATH}/Podfile.lock\" \"${PODS_ROOT}/Manifest.lock\" > /dev/null\nif [ $? != 0 ] ; then\n    # print error to STDERR\n    echo \"error: The sandbox is not in sync with the Podfile.lock. Run 'pod install' or update your CocoaPods installation.\" >&2\n    exit 1\nfi\n# This output is used by Xcode 'outputs' to avoid re-running this script phase.\necho \"SUCCESS\" > \"${SCRIPT_OUTPUT_FILE_0}\"\n";
			showEnvVarsInLog = 0;
		};
/* End PBXShellScriptBuildPhase section */

/* Begin PBXSourcesBuildPhase section */
		0A0655B223B47F6000686B12 /* Sources */ = {
			isa = PBXSourcesBuildPhase;
			buildActionMask = 2147483647;
			files = (
				0AC1721923B4A4A600B6D3CE /* Reachability.m in Sources */,
				0A0655D123B47FA700686B12 /* PodLib.m in Sources */,
			);
			runOnlyForDeploymentPostprocessing = 0;
		};
		0A0655BB23B47F6000686B12 /* Sources */ = {
			isa = PBXSourcesBuildPhase;
			buildActionMask = 2147483647;
			files = (
				0A0655C523B47F6000686B12 /* PodLibTests.m in Sources */,
			);
			runOnlyForDeploymentPostprocessing = 0;
		};
/* End PBXSourcesBuildPhase section */

/* Begin PBXTargetDependency section */
		0A0655C223B47F6000686B12 /* PBXTargetDependency */ = {
			isa = PBXTargetDependency;
			target = 0A0655B523B47F6000686B12 /* PodLib */;
			targetProxy = 0A0655C123B47F6000686B12 /* PBXContainerItemProxy */;
		};
/* End PBXTargetDependency section */

/* Begin PBXVariantGroup section */
		0AFAA1AB23CC3D35001E1526 /* MainInterface.storyboard */ = {
			isa = PBXVariantGroup;
			children = (
				0AFAA1AC23CC3D35001E1526 /* Base */,
			);
			name = MainInterface.storyboard;
			sourceTree = "<group>";
		};
/* End PBXVariantGroup section */

/* Begin XCBuildConfiguration section */
		0A0655C823B47F6000686B12 /* Debug */ = {
			isa = XCBuildConfiguration;
			buildSettings = {
				ALWAYS_SEARCH_USER_PATHS = NO;
				CLANG_ANALYZER_NONNULL = YES;
				CLANG_ANALYZER_NUMBER_OBJECT_CONVERSION = YES_AGGRESSIVE;
				CLANG_CXX_LANGUAGE_STANDARD = "gnu++14";
				CLANG_CXX_LIBRARY = "libc++";
				CLANG_ENABLE_MODULES = YES;
				CLANG_ENABLE_OBJC_ARC = YES;
				CLANG_ENABLE_OBJC_WEAK = YES;
				CLANG_WARN_BLOCK_CAPTURE_AUTORELEASING = YES;
				CLANG_WARN_BOOL_CONVERSION = YES;
				CLANG_WARN_COMMA = YES;
				CLANG_WARN_CONSTANT_CONVERSION = YES;
				CLANG_WARN_DEPRECATED_OBJC_IMPLEMENTATIONS = YES;
				CLANG_WARN_DIRECT_OBJC_ISA_USAGE = YES_ERROR;
				CLANG_WARN_DOCUMENTATION_COMMENTS = YES;
				CLANG_WARN_EMPTY_BODY = YES;
				CLANG_WARN_ENUM_CONVERSION = YES;
				CLANG_WARN_INFINITE_RECURSION = YES;
				CLANG_WARN_INT_CONVERSION = YES;
				CLANG_WARN_NON_LITERAL_NULL_CONVERSION = YES;
				CLANG_WARN_OBJC_IMPLICIT_RETAIN_SELF = YES;
				CLANG_WARN_OBJC_LITERAL_CONVERSION = YES;
				CLANG_WARN_OBJC_ROOT_CLASS = YES_ERROR;
				CLANG_WARN_RANGE_LOOP_ANALYSIS = YES;
				CLANG_WARN_STRICT_PROTOTYPES = YES;
				CLANG_WARN_SUSPICIOUS_MOVE = YES;
				CLANG_WARN_UNGUARDED_AVAILABILITY = YES_AGGRESSIVE;
				CLANG_WARN_UNREACHABLE_CODE = YES;
				CLANG_WARN__DUPLICATE_METHOD_MATCH = YES;
				COPY_PHASE_STRIP = NO;
				CURRENT_PROJECT_VERSION = 1;
				DEBUG_INFORMATION_FORMAT = dwarf;
				ENABLE_STRICT_OBJC_MSGSEND = YES;
				ENABLE_TESTABILITY = YES;
				GCC_C_LANGUAGE_STANDARD = gnu11;
				GCC_DYNAMIC_NO_PIC = NO;
				GCC_NO_COMMON_BLOCKS = YES;
				GCC_OPTIMIZATION_LEVEL = 0;
				GCC_PREPROCESSOR_DEFINITIONS = (
					"DEBUG=1",
					"$(inherited)",
				);
				GCC_WARN_64_TO_32_BIT_CONVERSION = YES;
				GCC_WARN_ABOUT_RETURN_TYPE = YES_ERROR;
				GCC_WARN_UNDECLARED_SELECTOR = YES;
				GCC_WARN_UNINITIALIZED_AUTOS = YES_AGGRESSIVE;
				GCC_WARN_UNUSED_FUNCTION = YES;
				GCC_WARN_UNUSED_VARIABLE = YES;
				IPHONEOS_DEPLOYMENT_TARGET = 9.0;
				MTL_ENABLE_DEBUG_INFO = INCLUDE_SOURCE;
				MTL_FAST_MATH = YES;
				ONLY_ACTIVE_ARCH = YES;
				SDKROOT = iphoneos;
				VERSIONING_SYSTEM = "apple-generic";
				VERSION_INFO_PREFIX = "";
			};
			name = Debug;
		};
		0A0655C923B47F6000686B12 /* Release */ = {
			isa = XCBuildConfiguration;
			buildSettings = {
				ALWAYS_SEARCH_USER_PATHS = NO;
				CLANG_ANALYZER_NONNULL = YES;
				CLANG_ANALYZER_NUMBER_OBJECT_CONVERSION = YES_AGGRESSIVE;
				CLANG_CXX_LANGUAGE_STANDARD = "gnu++14";
				CLANG_CXX_LIBRARY = "libc++";
				CLANG_ENABLE_MODULES = YES;
				CLANG_ENABLE_OBJC_ARC = YES;
				CLANG_ENABLE_OBJC_WEAK = YES;
				CLANG_WARN_BLOCK_CAPTURE_AUTORELEASING = YES;
				CLANG_WARN_BOOL_CONVERSION = YES;
				CLANG_WARN_COMMA = YES;
				CLANG_WARN_CONSTANT_CONVERSION = YES;
				CLANG_WARN_DEPRECATED_OBJC_IMPLEMENTATIONS = YES;
				CLANG_WARN_DIRECT_OBJC_ISA_USAGE = YES_ERROR;
				CLANG_WARN_DOCUMENTATION_COMMENTS = YES;
				CLANG_WARN_EMPTY_BODY = YES;
				CLANG_WARN_ENUM_CONVERSION = YES;
				CLANG_WARN_INFINITE_RECURSION = YES;
				CLANG_WARN_INT_CONVERSION = YES;
				CLANG_WARN_NON_LITERAL_NULL_CONVERSION = YES;
				CLANG_WARN_OBJC_IMPLICIT_RETAIN_SELF = YES;
				CLANG_WARN_OBJC_LITERAL_CONVERSION = YES;
				CLANG_WARN_OBJC_ROOT_CLASS = YES_ERROR;
				CLANG_WARN_RANGE_LOOP_ANALYSIS = YES;
				CLANG_WARN_STRICT_PROTOTYPES = YES;
				CLANG_WARN_SUSPICIOUS_MOVE = YES;
				CLANG_WARN_UNGUARDED_AVAILABILITY = YES_AGGRESSIVE;
				CLANG_WARN_UNREACHABLE_CODE = YES;
				CLANG_WARN__DUPLICATE_METHOD_MATCH = YES;
				COPY_PHASE_STRIP = NO;
				CURRENT_PROJECT_VERSION = 1;
				DEBUG_INFORMATION_FORMAT = "dwarf-with-dsym";
				ENABLE_NS_ASSERTIONS = NO;
				ENABLE_STRICT_OBJC_MSGSEND = YES;
				GCC_C_LANGUAGE_STANDARD = gnu11;
				GCC_NO_COMMON_BLOCKS = YES;
				GCC_WARN_64_TO_32_BIT_CONVERSION = YES;
				GCC_WARN_ABOUT_RETURN_TYPE = YES_ERROR;
				GCC_WARN_UNDECLARED_SELECTOR = YES;
				GCC_WARN_UNINITIALIZED_AUTOS = YES_AGGRESSIVE;
				GCC_WARN_UNUSED_FUNCTION = YES;
				GCC_WARN_UNUSED_VARIABLE = YES;
				IPHONEOS_DEPLOYMENT_TARGET = 9.0;
				MTL_ENABLE_DEBUG_INFO = NO;
				MTL_FAST_MATH = YES;
				SDKROOT = iphoneos;
				VALIDATE_PRODUCT = YES;
				VERSIONING_SYSTEM = "apple-generic";
				VERSION_INFO_PREFIX = "";
			};
			name = Release;
		};
		0A0655CB23B47F6000686B12 /* Debug */ = {
			isa = XCBuildConfiguration;
			baseConfigurationReference = 71394F5FFF710EFF6F8D2A3A /* Pods-PodLib.debug.xcconfig */;
			buildSettings = {
				CODE_SIGN_IDENTITY = "Apple Development";
				CODE_SIGN_STYLE = Automatic;
				DEFINES_MODULE = YES;
				DEVELOPMENT_TEAM = L9E89VMHQT;
				DYLIB_COMPATIBILITY_VERSION = 1;
				DYLIB_CURRENT_VERSION = 1;
				DYLIB_INSTALL_NAME_BASE = "@rpath";
				INFOPLIST_FILE = PodLib/Info.plist;
				INSTALL_PATH = "$(LOCAL_LIBRARY_DIR)/Frameworks";
				IPHONEOS_DEPLOYMENT_TARGET = 9.0;
				LD_RUNPATH_SEARCH_PATHS = (
					"$(inherited)",
					"@executable_path/Frameworks",
					"@loader_path/Frameworks",
				);
				PRODUCT_BUNDLE_IDENTIFIER = com.wawayaya.lionet.PodLib;
				PRODUCT_NAME = "$(TARGET_NAME:c99extidentifier)";
				SDKROOT = iphoneos;
				SKIP_INSTALL = YES;
				SUPPORTS_MACCATALYST = NO;
				TARGETED_DEVICE_FAMILY = 1;
			};
			name = Debug;
		};
		0A0655CC23B47F6000686B12 /* Release */ = {
			isa = XCBuildConfiguration;
			baseConfigurationReference = 80ACFD29E80B473EC2C6CB5C /* Pods-PodLib.release.xcconfig */;
			buildSettings = {
				CODE_SIGN_IDENTITY = "Apple Development";
				CODE_SIGN_STYLE = Automatic;
				DEFINES_MODULE = YES;
				DEVELOPMENT_TEAM = L9E89VMHQT;
				DYLIB_COMPATIBILITY_VERSION = 1;
				DYLIB_CURRENT_VERSION = 1;
				DYLIB_INSTALL_NAME_BASE = "@rpath";
				INFOPLIST_FILE = PodLib/Info.plist;
				INSTALL_PATH = "$(LOCAL_LIBRARY_DIR)/Frameworks";
				IPHONEOS_DEPLOYMENT_TARGET = 9.0;
				LD_RUNPATH_SEARCH_PATHS = (
					"$(inherited)",
					"@executable_path/Frameworks",
					"@loader_path/Frameworks",
				);
				PRODUCT_BUNDLE_IDENTIFIER = com.wawayaya.lionet.PodLib;
				PRODUCT_NAME = "$(TARGET_NAME:c99extidentifier)";
				SDKROOT = iphoneos;
				SKIP_INSTALL = YES;
				SUPPORTS_MACCATALYST = NO;
				TARGETED_DEVICE_FAMILY = 1;
			};
			name = Release;
		};
		0A0655CE23B47F6000686B12 /* Debug */ = {
			isa = XCBuildConfiguration;
			buildSettings = {
				CODE_SIGN_STYLE = Automatic;
				INFOPLIST_FILE = PodLibTests/Info.plist;
				LD_RUNPATH_SEARCH_PATHS = (
					"$(inherited)",
					"@executable_path/Frameworks",
					"@loader_path/Frameworks",
				);
				PRODUCT_BUNDLE_IDENTIFIER = com.wawayaya.lionet.PodLibTests;
				PRODUCT_NAME = "$(TARGET_NAME)";
				TARGETED_DEVICE_FAMILY = "1,2";
			};
			name = Debug;
		};
		0A0655CF23B47F6000686B12 /* Release */ = {
			isa = XCBuildConfiguration;
			buildSettings = {
				CODE_SIGN_STYLE = Automatic;
				INFOPLIST_FILE = PodLibTests/Info.plist;
				LD_RUNPATH_SEARCH_PATHS = (
					"$(inherited)",
					"@executable_path/Frameworks",
					"@loader_path/Frameworks",
				);
				PRODUCT_BUNDLE_IDENTIFIER = com.wawayaya.lionet.PodLibTests;
				PRODUCT_NAME = "$(TARGET_NAME)";
				TARGETED_DEVICE_FAMILY = "1,2";
			};
			name = Release;
		};
		0AFAA1B423CC3D86001E1526 /* Debug */ = {
			isa = XCBuildConfiguration;
			buildSettings = {
				CODE_SIGN_STYLE = Automatic;
				DEVELOPMENT_TEAM = L9E89VMHQT;
				PRODUCT_NAME = "$(TARGET_NAME)";
			};
			name = Debug;
		};
		0AFAA1B523CC3D86001E1526 /* Release */ = {
			isa = XCBuildConfiguration;
			buildSettings = {
				CODE_SIGN_STYLE = Automatic;
				DEVELOPMENT_TEAM = L9E89VMHQT;
				PRODUCT_NAME = "$(TARGET_NAME)";
			};
			name = Release;
		};
/* End XCBuildConfiguration section */

/* Begin XCConfigurationList section */
		0A0655B023B47F6000686B12 /* Build configuration list for PBXProject "PodLib" */ = {
			isa = XCConfigurationList;
			buildConfigurations = (
				0A0655C823B47F6000686B12 /* Debug */,
				0A0655C923B47F6000686B12 /* Release */,
			);
			defaultConfigurationIsVisible = 0;
			defaultConfigurationName = Release;
		};
		0A0655CA23B47F6000686B12 /* Build configuration list for PBXNativeTarget "PodLib" */ = {
			isa = XCConfigurationList;
			buildConfigurations = (
				0A0655CB23B47F6000686B12 /* Debug */,
				0A0655CC23B47F6000686B12 /* Release */,
			);
			defaultConfigurationIsVisible = 0;
			defaultConfigurationName = Release;
		};
		0A0655CD23B47F6000686B12 /* Build configuration list for PBXNativeTarget "PodLibTests" */ = {
			isa = XCConfigurationList;
			buildConfigurations = (
				0A0655CE23B47F6000686B12 /* Debug */,
				0A0655CF23B47F6000686B12 /* Release */,
			);
			defaultConfigurationIsVisible = 0;
			defaultConfigurationName = Release;
		};
		0AFAA1B323CC3D86001E1526 /* Build configuration list for PBXAggregateTarget "PodLibAgg" */ = {
			isa = XCConfigurationList;
			buildConfigurations = (
				0AFAA1B423CC3D86001E1526 /* Debug */,
				0AFAA1B523CC3D86001E1526 /* Release */,
			);
			defaultConfigurationIsVisible = 0;
			defaultConfigurationName = Release;
		};
/* End XCConfigurationList section */
	};
	rootObject = 0A0655AD23B47F6000686B12 /* Project object */;
}
